{
  "name": "atlas-ip",
  "version": "0.1.0",
  "lockfileVersion": 3,
  "requires": true,
  "packages": {
    "": {
      "name": "atlas-ip",
      "version": "0.1.0",
      "license": "ISC",
      "workspaces": [
        "packages/atlas-ip"
      ]
    },
    "node_modules/@textbook/atlas-ip": {
      "resolved": "packages/atlas-ip",
      "link": true
    },
    "packages/atlas-ip": {
      "version": "0.1.0",
      "license": "ISC"
    }
  }
}
